
Microsoft Visual Studio Solution File, Format Version 12.00
# Visual Studio Version 17
VisualStudioVersion = 17.14.36511.14 d17.14
MinimumVisualStudioVersion = 10.0.40219.1
Project("{FAE04EC0-301F-11D3-BF4B-00C04F79EFBC}") = "LAB_5", "LAB_5.csproj", "{38CBDBE9-49B1-4FD2-B293-9A6E53C6756C}"
EndProject
Global
	GlobalSection(SolutionConfigurationPlatforms) = preSolution
		Debug|Any CPU = Debug|Any CPU
		Release|Any CPU = Release|Any CPU
	EndGlobalSection
	GlobalSection(ProjectConfigurationPlatforms) = postSolution
		{38CBDBE9-49B1-4FD2-B293-9A6E53C6756C}.Debug|Any CPU.ActiveCfg = Debug|Any CPU
		{38CBDBE9-49B1-4FD2-B293-9A6E53C6756C}.Debug|Any CPU.Build.0 = Debug|Any CPU
		{38CBDBE9-49B1-4FD2-B293-9A6E53C6756C}.Release|Any CPU.ActiveCfg = Release|Any CPU
		{38CBDBE9-49B1-4FD2-B293-9A6E53C6756C}.Release|Any CPU.Build.0 = Release|Any CPU
	EndGlobalSection
	GlobalSection(SolutionProperties) = preSolution
		HideSolutionNode = FALSE
	EndGlobalSection
	GlobalSection(ExtensibilityGlobals) = postSolution
		SolutionGuid = {422181FC-5313-46CD-9C04-D2D0E7CF9D64}
	EndGlobalSection
EndGlobal
