
Microsoft Visual Studio Solution File, Format Version 12.00
# Visual Studio Version 17
VisualStudioVersion = 17.14.36511.14 d17.14
MinimumVisualStudioVersion = 10.0.40219.1
Project("{FAE04EC0-301F-11D3-BF4B-00C04F79EFBC}") = "LAB_9_D", "LAB_9_D.csproj", "{2C97110A-5D78-4A57-BA88-108EA2F7BC96}"
EndProject
Global
	GlobalSection(SolutionConfigurationPlatforms) = preSolution
		Debug|Any CPU = Debug|Any CPU
		Release|Any CPU = Release|Any CPU
	EndGlobalSection
	GlobalSection(ProjectConfigurationPlatforms) = postSolution
		{2C97110A-5D78-4A57-BA88-108EA2F7BC96}.Debug|Any CPU.ActiveCfg = Debug|Any CPU
		{2C97110A-5D78-4A57-BA88-108EA2F7BC96}.Debug|Any CPU.Build.0 = Debug|Any CPU
		{2C97110A-5D78-4A57-BA88-108EA2F7BC96}.Release|Any CPU.ActiveCfg = Release|Any CPU
		{2C97110A-5D78-4A57-BA88-108EA2F7BC96}.Release|Any CPU.Build.0 = Release|Any CPU
	EndGlobalSection
	GlobalSection(SolutionProperties) = preSolution
		HideSolutionNode = FALSE
	EndGlobalSection
	GlobalSection(ExtensibilityGlobals) = postSolution
		SolutionGuid = {4C32B1FA-A740-4C83-95C0-5260AC2B210B}
	EndGlobalSection
EndGlobal
